// !$*UTF8*$!
{
	archiveVersion = 1;
	classes = {
	};
	objectVersion = 46;
	objects = {

/* Begin PBXBuildFile section */
		AA218E091CC3D374000FD2AF /* main.m in Sources */ = {isa = PBXBuildFile; fileRef = AA218E081CC3D374000FD2AF /* main.m */; };
		AA218E0C1CC3D374000FD2AF /* AppDelegate.m in Sources */ = {isa = PBXBuildFile; fileRef = AA218E0B1CC3D374000FD2AF /* AppDelegate.m */; };
		AA218E0F1CC3D374000FD2AF /* RootTableViewController.m in Sources */ = {isa = PBXBuildFile; fileRef = AA218E0E1CC3D374000FD2AF /* RootTableViewController.m */; };
		AA218E121CC3D374000FD2AF /* Main.storyboard in Resources */ = {isa = PBXBuildFile; fileRef = AA218E101CC3D374000FD2AF /* Main.storyboard */; };
		AA218E141CC3D374000FD2AF /* Assets.xcassets in Resources */ = {isa = PBXBuildFile; fileRef = AA218E131CC3D374000FD2AF /* Assets.xcassets */; };
		AA218E171CC3D374000FD2AF /* LaunchScreen.storyboard in Resources */ = {isa = PBXBuildFile; fileRef = AA218E151CC3D374000FD2AF /* LaunchScreen.storyboard */; };
		AA218E201CC3D55B000FD2AF /* PaintViewController.m in Sources */ = {isa = PBXBuildFile; fileRef = AA218E1F1CC3D55B000FD2AF /* PaintViewController.m */; };
		AA218E231CC3D584000FD2AF /* HintView.m in Sources */ = {isa = PBXBuildFile; fileRef = AA218E221CC3D584000FD2AF /* HintView.m */; };
		AA218E261CC3EB0E000FD2AF /* HintViewController.m in Sources */ = {isa = PBXBuildFile; fileRef = AA218E251CC3EB0E000FD2AF /* HintViewController.m */; };
		E5F5C9AB1CD32EFA001458BC /* MyPaintViewController.m in Sources */ = {isa = PBXBuildFile; fileRef = E5F5C9AA1CD32EFA001458BC /* MyPaintViewController.m */; };
		E5F5C9AE1CD3310C001458BC /* image.php.png in Resources */ = {isa = PBXBuildFile; fileRef = E5F5C9AD1CD3310C001458BC /* image.php.png */; };
/* End PBXBuildFile section */

/* Begin PBXFileReference section */
		AA218E041CC3D374000FD2AF /* Lesson19.app */ = {isa = PBXFileReference; explicitFileType = wrapper.application; includeInIndex = 0; path = Lesson19.app; sourceTree = BUILT_PRODUCTS_DIR; };
		AA218E081CC3D374000FD2AF /* main.m */ = {isa = PBXFileReference; lastKnownFileType = sourcecode.c.objc; path = main.m; sourceTree = "<group>"; };
		AA218E0A1CC3D374000FD2AF /* AppDelegate.h */ = {isa = PBXFileReference; lastKnownFileType = sourcecode.c.h; path = AppDelegate.h; sourceTree = "<group>"; };
		AA218E0B1CC3D374000FD2AF /* AppDelegate.m */ = {isa = PBXFileReference; lastKnownFileType = sourcecode.c.objc; path = AppDelegate.m; sourceTree = "<group>"; };
		AA218E0D1CC3D374000FD2AF /* RootTableViewController.h */ = {isa = PBXFileReference; lastKnownFileType = sourcecode.c.h; path = RootTableViewController.h; sourceTree = "<group>"; };
		AA218E0E1CC3D374000FD2AF /* RootTableViewController.m */ = {isa = PBXFileReference; lastKnownFileType = sourcecode.c.objc; path = RootTableViewController.m; sourceTree = "<group>"; };
		AA218E111CC3D374000FD2AF /* Base */ = {isa = PBXFileReference; lastKnownFileType = file.storyboard; name = Base; path = Base.lproj/Main.storyboard; sourceTree = "<group>"; };
		AA218E131CC3D374000FD2AF /* Assets.xcassets */ = {isa = PBXFileReference; lastKnownFileType = folder.assetcatalog; path = Assets.xcassets; sourceTree = "<group>"; };
		AA218E161CC3D374000FD2AF /* Base */ = {isa = PBXFileReference; lastKnownFileType = file.storyboard; name = Base; path = Base.lproj/LaunchScreen.storyboard; sourceTree = "<group>"; };
		AA218E181CC3D374000FD2AF /* Info.plist */ = {isa = PBXFileReference; lastKnownFileType = text.plist.xml; path = Info.plist; sourceTree = "<group>"; };
		AA218E1E1CC3D55B000FD2AF /* PaintViewController.h */ = {isa = PBXFileReference; fileEncoding = 4; lastKnownFileType = sourcecode.c.h; path = PaintViewController.h; sourceTree = "<group>"; };
		AA218E1F1CC3D55B000FD2AF /* PaintViewController.m */ = {isa = PBXFileReference; fileEncoding = 4; lastKnownFileType = sourcecode.c.objc; path = PaintViewController.m; sourceTree = "<group>"; };
		AA218E211CC3D584000FD2AF /* HintView.h */ = {isa = PBXFileReference; fileEncoding = 4; lastKnownFileType = sourcecode.c.h; path = HintView.h; sourceTree = "<group>"; };
		AA218E221CC3D584000FD2AF /* HintView.m */ = {isa = PBXFileReference; fileEncoding = 4; lastKnownFileType = sourcecode.c.objc; path = HintView.m; sourceTree = "<group>"; };
		AA218E241CC3EB0E000FD2AF /* HintViewController.h */ = {isa = PBXFileReference; fileEncoding = 4; lastKnownFileType = sourcecode.c.h; path = HintViewController.h; sourceTree = "<group>"; };
		AA218E251CC3EB0E000FD2AF /* HintViewController.m */ = {isa = PBXFileReference; fileEncoding = 4; lastKnownFileType = sourcecode.c.objc; path = HintViewController.m; sourceTree = "<group>"; };
		E5F5C9A91CD32EFA001458BC /* MyPaintViewController.h */ = {isa = PBXFileReference; fileEncoding = 4; lastKnownFileType = sourcecode.c.h; path = MyPaintViewController.h; sourceTree = "<group>"; };
		E5F5C9AA1CD32EFA001458BC /* MyPaintViewController.m */ = {isa = PBXFileReference; fileEncoding = 4; lastKnownFileType = sourcecode.c.objc; path = MyPaintViewController.m; sourceTree = "<group>"; };
		E5F5C9AD1CD3310C001458BC /* image.php.png */ = {isa = PBXFileReference; lastKnownFileType = image.png; path = image.php.png; sourceTree = "<group>"; };
/* End PBXFileReference section */

/* Begin PBXFrameworksBuildPhase section */
		AA218E011CC3D374000FD2AF /* Frameworks */ = {
			isa = PBXFrameworksBuildPhase;
			buildActionMask = 2147483647;
			files = (
			);
			runOnlyForDeploymentPostprocessing = 0;
		};
/* End PBXFrameworksBuildPhase section */

/* Begin PBXGroup section */
		AA218DFB1CC3D374000FD2AF = {
			isa = PBXGroup;
			children = (
				AA218E061CC3D374000FD2AF /* Lesson19 */,
				AA218E051CC3D374000FD2AF /* Products */,
			);
			sourceTree = "<group>";
		};
		AA218E051CC3D374000FD2AF /* Products */ = {
			isa = PBXGroup;
			children = (
				AA218E041CC3D374000FD2AF /* Lesson19.app */,
			);
			name = Products;
			sourceTree = "<group>";
		};
		AA218E061CC3D374000FD2AF /* Lesson19 */ = {
			isa = PBXGroup;
			children = (
				E5F5C9AC1CD32F07001458BC /* HW */,
				AA218E101CC3D374000FD2AF /* Main.storyboard */,
				AA218E131CC3D374000FD2AF /* Assets.xcassets */,
				AA218E151CC3D374000FD2AF /* LaunchScreen.storyboard */,
				AA218E181CC3D374000FD2AF /* Info.plist */,
				AA218E071CC3D374000FD2AF /* Supporting Files */,
			);
			path = Lesson19;
			sourceTree = "<group>";
		};
		AA218E071CC3D374000FD2AF /* Supporting Files */ = {
			isa = PBXGroup;
			children = (
				AA218E1E1CC3D55B000FD2AF /* PaintViewController.h */,
				AA218E1F1CC3D55B000FD2AF /* PaintViewController.m */,
				AA218E0A1CC3D374000FD2AF /* AppDelegate.h */,
				AA218E0B1CC3D374000FD2AF /* AppDelegate.m */,
				AA218E0D1CC3D374000FD2AF /* RootTableViewController.h */,
				AA218E0E1CC3D374000FD2AF /* RootTableViewController.m */,
				AA218E211CC3D584000FD2AF /* HintView.h */,
				AA218E221CC3D584000FD2AF /* HintView.m */,
				AA218E241CC3EB0E000FD2AF /* HintViewController.h */,
				AA218E251CC3EB0E000FD2AF /* HintViewController.m */,
				AA218E081CC3D374000FD2AF /* main.m */,
			);
			name = "Supporting Files";
			sourceTree = "<group>";
		};
		E5F5C9AC1CD32F07001458BC /* HW */ = {
			isa = PBXGroup;
			children = (
				E5F5C9AD1CD3310C001458BC /* image.php.png */,
				E5F5C9A91CD32EFA001458BC /* MyPaintViewController.h */,
				E5F5C9AA1CD32EFA001458BC /* MyPaintViewController.m */,
			);
			name = HW;
			sourceTree = "<group>";
		};
/* End PBXGroup section */

/* Begin PBXNativeTarget section */
		AA218E031CC3D374000FD2AF /* Lesson19 */ = {
			isa = PBXNativeTarget;
			buildConfigurationList = AA218E1B1CC3D374000FD2AF /* Build configuration list for PBXNativeTarget "Lesson19" */;
			buildPhases = (
				AA218E001CC3D374000FD2AF /* Sources */,
				AA218E011CC3D374000FD2AF /* Frameworks */,
				AA218E021CC3D374000FD2AF /* Resources */,
			);
			buildRules = (
			);
			dependencies = (
			);
			name = Lesson19;
			productName = Lesson19;
			productReference = AA218E041CC3D374000FD2AF /* Lesson19.app */;
			productType = "com.apple.product-type.application";
		};
/* End PBXNativeTarget section */

/* Begin PBXProject section */
		AA218DFC1CC3D374000FD2AF /* Project object */ = {
			isa = PBXProject;
			attributes = {
				LastUpgradeCheck = 0730;
				ORGANIZATIONNAME = "Azat Almeev";
				TargetAttributes = {
					AA218E031CC3D374000FD2AF = {
						CreatedOnToolsVersion = 7.3;
					};
				};
			};
			buildConfigurationList = AA218DFF1CC3D374000FD2AF /* Build configuration list for PBXProject "Lesson19" */;
			compatibilityVersion = "Xcode 3.2";
			developmentRegion = English;
			hasScannedForEncodings = 0;
			knownRegions = (
				en,
				Base,
			);
			mainGroup = AA218DFB1CC3D374000FD2AF;
			productRefGroup = AA218E051CC3D374000FD2AF /* Products */;
			projectDirPath = "";
			projectRoot = "";
			targets = (
				AA218E031CC3D374000FD2AF /* Lesson19 */,
			);
		};
/* End PBXProject section */

/* Begin PBXResourcesBuildPhase section */
		AA218E021CC3D374000FD2AF /* Resources */ = {
			isa = PBXResourcesBuildPhase;
			buildActionMask = 2147483647;
			files = (
				AA218E171CC3D374000FD2AF /* LaunchScreen.storyboard in Resources */,
				E5F5C9AE1CD3310C001458BC /* image.php.png in Resources */,
				AA218E141CC3D374000FD2AF /* Assets.xcassets in Resources */,
				AA218E121CC3D374000FD2AF /* Main.storyboard in Resources */,
			);
			runOnlyForDeploymentPostprocessing = 0;
		};
/* End PBXResourcesBuildPhase section */

/* Begin PBXSourcesBuildPhase section */
		AA218E001CC3D374000FD2AF /* Sources */ = {
			isa = PBXSourcesBuildPhase;
			buildActionMask = 2147483647;
			files = (
				AA218E0F1CC3D374000FD2AF /* RootTableViewController.m in Sources */,
				AA218E261CC3EB0E000FD2AF /* HintViewController.m in Sources */,
				E5F5C9AB1CD32EFA001458BC /* MyPaintViewController.m in Sources */,
				AA218E0C1CC3D374000FD2AF /* AppDelegate.m in Sources */,
				AA218E091CC3D374000FD2AF /* main.m in Sources */,
				AA218E231CC3D584000FD2AF /* HintView.m in Sources */,
				AA218E201CC3D55B000FD2AF /* PaintViewController.m in Sources */,
			);
			runOnlyForDeploymentPostprocessing = 0;
		};
/* End PBXSourcesBuildPhase section */

/* Begin PBXVariantGroup section */
		AA218E101CC3D374000FD2AF /* Main.storyboard */ = {
			isa = PBXVariantGroup;
			children = (
				AA218E111CC3D374000FD2AF /* Base */,
			);
			name = Main.storyboard;
			sourceTree = "<group>";
		};
		AA218E151CC3D374000FD2AF /* LaunchScreen.storyboard */ = {
			isa = PBXVariantGroup;
			children = (
				AA218E161CC3D374000FD2AF /* Base */,
			);
			name = LaunchScreen.storyboard;
			sourceTree = "<group>";
		};
/* End PBXVariantGroup section */

/* Begin XCBuildConfiguration section */
		AA218E191CC3D374000FD2AF /* Debug */ = {
			isa = XCBuildConfiguration;
			buildSettings = {
				ALWAYS_SEARCH_USER_PATHS = NO;
				CLANG_ANALYZER_NONNULL = YES;
				CLANG_CXX_LANGUAGE_STANDARD = "gnu++0x";
				CLANG_CXX_LIBRARY = "libc++";
				CLANG_ENABLE_MODULES = YES;
				CLANG_ENABLE_OBJC_ARC = YES;
				CLANG_WARN_BOOL_CONVERSION = YES;
				CLANG_WARN_CONSTANT_CONVERSION = YES;
				CLANG_WARN_DIRECT_OBJC_ISA_USAGE = YES_ERROR;
				CLANG_WARN_EMPTY_BODY = YES;
				CLANG_WARN_ENUM_CONVERSION = YES;
				CLANG_WARN_INT_CONVERSION = YES;
				CLANG_WARN_OBJC_ROOT_CLASS = YES_ERROR;
				CLANG_WARN_UNREACHABLE_CODE = YES;
				CLANG_WARN__DUPLICATE_METHOD_MATCH = YES;
				"CODE_SIGN_IDENTITY[sdk=iphoneos*]" = "iPhone Developer";
				COPY_PHASE_STRIP = NO;
				DEBUG_INFORMATION_FORMAT = dwarf;
				ENABLE_STRICT_OBJC_MSGSEND = YES;
				ENABLE_TESTABILITY = YES;
				GCC_C_LANGUAGE_STANDARD = gnu99;
				GCC_DYNAMIC_NO_PIC = NO;
				GCC_NO_COMMON_BLOCKS = YES;
				GCC_OPTIMIZATION_LEVEL = 0;
				GCC_PREPROCESSOR_DEFINITIONS = (
					"DEBUG=1",
					"$(inherited)",
				);
				GCC_WARN_64_TO_32_BIT_CONVERSION = YES;
				GCC_WARN_ABOUT_RETURN_TYPE = YES_ERROR;
				GCC_WARN_UNDECLARED_SELECTOR = YES;
				GCC_WARN_UNINITIALIZED_AUTOS = YES_AGGRESSIVE;
				GCC_WARN_UNUSED_FUNCTION = YES;
				GCC_WARN_UNUSED_VARIABLE = YES;
				IPHONEOS_DEPLOYMENT_TARGET = 9.0;
				MTL_ENABLE_DEBUG_INFO = YES;
				ONLY_ACTIVE_ARCH = YES;
				SDKROOT = iphoneos;
				TARGETED_DEVICE_FAMILY = "1,2";
			};
			name = Debug;
		};
		AA218E1A1CC3D374000FD2AF /* Release */ = {
			isa = XCBuildConfiguration;
			buildSettings = {
				ALWAYS_SEARCH_USER_PATHS = NO;
				CLANG_ANALYZER_NONNULL = YES;
				CLANG_CXX_LANGUAGE_STANDARD = "gnu++0x";
				CLANG_CXX_LIBRARY = "libc++";
				CLANG_ENABLE_MODULES = YES;
				CLANG_ENABLE_OBJC_ARC = YES;
				CLANG_WARN_BOOL_CONVERSION = YES;
				CLANG_WARN_CONSTANT_CONVERSION = YES;
				CLANG_WARN_DIRECT_OBJC_ISA_USAGE = YES_ERROR;
				CLANG_WARN_EMPTY_BODY = YES;
				CLANG_WARN_ENUM_CONVERSION = YES;
				CLANG_WARN_INT_CONVERSION = YES;
				CLANG_WARN_OBJC_ROOT_CLASS = YES_ERROR;
				CLANG_WARN_UNREACHABLE_CODE = YES;
				CLANG_WARN__DUPLICATE_METHOD_MATCH = YES;
				"CODE_SIGN_IDENTITY[sdk=iphoneos*]" = "iPhone Developer";
				COPY_PHASE_STRIP = NO;
				DEBUG_INFORMATION_FORMAT = "dwarf-with-dsym";
				ENABLE_NS_ASSERTIONS = NO;
				ENABLE_STRICT_OBJC_MSGSEND = YES;
				GCC_C_LANGUAGE_STANDARD = gnu99;
				GCC_NO_COMMON_BLOCKS = YES;
				GCC_WARN_64_TO_32_BIT_CONVERSION = YES;
				GCC_WARN_ABOUT_RETURN_TYPE = YES_ERROR;
				GCC_WARN_UNDECLARED_SELECTOR = YES;
				GCC_WARN_UNINITIALIZED_AUTOS = YES_AGGRESSIVE;
				GCC_WARN_UNUSED_FUNCTION = YES;
				GCC_WARN_UNUSED_VARIABLE = YES;
				IPHONEOS_DEPLOYMENT_TARGET = 9.0;
				MTL_ENABLE_DEBUG_INFO = NO;
				SDKROOT = iphoneos;
				TARGETED_DEVICE_FAMILY = "1,2";
				VALIDATE_PRODUCT = YES;
			};
			name = Release;
		};
		AA218E1C1CC3D374000FD2AF /* Debug */ = {
			isa = XCBuildConfiguration;
			buildSettings = {
				ASSETCATALOG_COMPILER_APPICON_NAME = AppIcon;
				INFOPLIST_FILE = Lesson19/Info.plist;
				LD_RUNPATH_SEARCH_PATHS = "$(inherited) @executable_path/Frameworks";
				PRODUCT_BUNDLE_IDENTIFIER = ru.azatalmeev.Lesson19;
				PRODUCT_NAME = "$(TARGET_NAME)";
			};
			name = Debug;
		};
		AA218E1D1CC3D374000FD2AF /* Release */ = {
			isa = XCBuildConfiguration;
			buildSettings = {
				ASSETCATALOG_COMPILER_APPICON_NAME = AppIcon;
				INFOPLIST_FILE = Lesson19/Info.plist;
				LD_RUNPATH_SEARCH_PATHS = "$(inherited) @executable_path/Frameworks";
				PRODUCT_BUNDLE_IDENTIFIER = ru.azatalmeev.Lesson19;
				PRODUCT_NAME = "$(TARGET_NAME)";
			};
			name = Release;
		};
/* End XCBuildConfiguration section */

/* Begin XCConfigurationList section */
		AA218DFF1CC3D374000FD2AF /* Build configuration list for PBXProject "Lesson19" */ = {
			isa = XCConfigurationList;
			buildConfigurations = (
				AA218E191CC3D374000FD2AF /* Debug */,
				AA218E1A1CC3D374000FD2AF /* Release */,
			);
			defaultConfigurationIsVisible = 0;
			defaultConfigurationName = Release;
		};
		AA218E1B1CC3D374000FD2AF /* Build configuration list for PBXNativeTarget "Lesson19" */ = {
			isa = XCConfigurationList;
			buildConfigurations = (
				AA218E1C1CC3D374000FD2AF /* Debug */,
				AA218E1D1CC3D374000FD2AF /* Release */,
			);
			defaultConfigurationIsVisible = 0;
			defaultConfigurationName = Release;
		};
/* End XCConfigurationList section */
	};
	rootObject = AA218DFC1CC3D374000FD2AF /* Project object */;
}
